PODS:
  - Alamofire (3.4.1)
  - LinkedInKit (0.1.0):
    - Alamofire

DEPENDENCIES:
  - LinkedInKit (from `../`)

EXTERNAL SOURCES:
  LinkedInKit:
    :path: ../

SPEC CHECKSUMS:
  Alamofire: 01a82e2f6c0f860ade35534c8dd88be61bdef40c
  LinkedInKit: ede30a320cbc5edd4116eaa3a94961c9fbb1dcf5

PODFILE CHECKSUM: 904f79fd526331e80e5413412a3eddf0d364a429

COCOAPODS: 1.0.1
