PODS:
  - Alamofire (4.8.2)
  - LinkedInKit (1.1.0):
    - Alamofire
  - SDWebImage (5.0.2):
    - SDWebImage/Core (= 5.0.2)
  - SDWebImage/Core (5.0.2)

DEPENDENCIES:
  - LinkedInKit (from `../`)
  - SDWebImage

SPEC REPOS:
  https://github.com/cocoapods/specs.git:
    - Alamofire
    - SDWebImage

EXTERNAL SOURCES:
  LinkedInKit:
    :path: "../"

SPEC CHECKSUMS:
  Alamofire: ae5c501addb7afdbb13687d7f2f722c78734c2d3
  LinkedInKit: 18868a4dd90bba60514fd5f6f86fd88af04e6782
  SDWebImage: 6764b5fa0f73c203728052955dbefa2bf1f33282

PODFILE CHECKSUM: c5843cdab1b90dad71d6b242c88289d82a931207

COCOAPODS: 1.5.3
